
Microsoft Visual Studio Solution File, Format Version 11.00
# Visual Studio 2010
Project("{FAE04EC0-301F-11D3-BF4B-00C04F79EFBC}") = "Assembly-CSharp", "Assembly-CSharp.csproj", "{d6838f42-9deb-3ec0-3e53-17bea7ca664e}"
EndProject
Project("{FAE04EC0-301F-11D3-BF4B-00C04F79EFBC}") = "Assembly-CSharp", "Assembly-CSharp.Player.csproj", "{53872330-704d-79ee-b6ac-7dd7ba868ce7}"
EndProject
Global
	GlobalSection(SolutionConfigurationPlatforms) = preSolution
		Debug|Any CPU = Debug|Any CPU
	EndGlobalSection
	GlobalSection(ProjectConfigurationPlatforms) = postSolution
		{d6838f42-9deb-3ec0-3e53-17bea7ca664e}.Debug|Any CPU.ActiveCfg = Debug|Any CPU
		{d6838f42-9deb-3ec0-3e53-17bea7ca664e}.Debug|Any CPU.Build.0 = Debug|Any CPU
		{53872330-704d-79ee-b6ac-7dd7ba868ce7}.Debug|Any CPU.ActiveCfg = Debug|Any CPU
		{53872330-704d-79ee-b6ac-7dd7ba868ce7}.Debug|Any CPU.Build.0 = Debug|Any CPU
	EndGlobalSection
	GlobalSection(SolutionProperties) = preSolution
		HideSolutionNode = FALSE
	EndGlobalSection
EndGlobal
